
Microsoft Visual Studio Solution File, Format Version 12.00
# Visual Studio Version 17
VisualStudioVersion = 17.8.34330.188
MinimumVisualStudioVersion = 10.0.40219.1
Project("{FAE04EC0-301F-11D3-BF4B-00C04F79EFBC}") = "Confirmation JS Script", "Confirmation JS Script\Confirmation JS Script.csproj", "{C862FB04-CAD5-4C5A-A1E7-CADBFC6099C3}"
EndProject
Global
	GlobalSection(SolutionConfigurationPlatforms) = preSolution
		Debug|Any CPU = Debug|Any CPU
		Release|Any CPU = Release|Any CPU
	EndGlobalSection
	GlobalSection(ProjectConfigurationPlatforms) = postSolution
		{C862FB04-CAD5-4C5A-A1E7-CADBFC6099C3}.Debug|Any CPU.ActiveCfg = Debug|Any CPU
		{C862FB04-CAD5-4C5A-A1E7-CADBFC6099C3}.Debug|Any CPU.Build.0 = Debug|Any CPU
		{C862FB04-CAD5-4C5A-A1E7-CADBFC6099C3}.Release|Any CPU.ActiveCfg = Release|Any CPU
		{C862FB04-CAD5-4C5A-A1E7-CADBFC6099C3}.Release|Any CPU.Build.0 = Release|Any CPU
	EndGlobalSection
	GlobalSection(SolutionProperties) = preSolution
		HideSolutionNode = FALSE
	EndGlobalSection
	GlobalSection(ExtensibilityGlobals) = postSolution
		SolutionGuid = {7F806FAF-59D9-4625-BB2D-6B068C0DB2EB}
	EndGlobalSection
EndGlobal
